
Microsoft Visual Studio Solution File, Format Version 12.00
# Visual Studio Version 17
VisualStudioVersion = 17.10.35013.160
MinimumVisualStudioVersion = 10.0.40219.1
Project("{9A19103F-16F7-4668-BE54-9A1E7A4F7556}") = "face-sdk-wrapper-samples", "face-sdk-wrapper-samples.csproj", "{31C3611C-0AA3-41E6-98A7-D805CC23BF83}"
EndProject
Global
	GlobalSection(SolutionConfigurationPlatforms) = preSolution
		Debug|x64 = Debug|x64
	EndGlobalSection
	GlobalSection(ProjectConfigurationPlatforms) = postSolution
		{31C3611C-0AA3-41E6-98A7-D805CC23BF83}.Debug|x64.ActiveCfg = Debug|x64
		{31C3611C-0AA3-41E6-98A7-D805CC23BF83}.Debug|x64.Build.0 = Debug|x64
	EndGlobalSection
	GlobalSection(SolutionProperties) = preSolution
		HideSolutionNode = FALSE
	EndGlobalSection
	GlobalSection(ExtensibilityGlobals) = postSolution
		SolutionGuid = {42418D5E-F069-4C10-9000-BD249AD5C43E}
	EndGlobalSection
EndGlobal
